// !$*UTF8*$!
{
	archiveVersion = 1;
	classes = {
	};
	objectVersion = 56;
	objects = {

/* Begin PBXBuildFile section */
		11A125292B35E27E00B8FC1A /* AppDelegate.swift in Sources */ = {isa = PBXBuildFile; fileRef = 11A125282B35E27E00B8FC1A /* AppDelegate.swift */; };
		11A1252B2B35E27E00B8FC1A /* SceneDelegate.swift in Sources */ = {isa = PBXBuildFile; fileRef = 11A1252A2B35E27E00B8FC1A /* SceneDelegate.swift */; };
		11A1252D2B35E27E00B8FC1A /* ViewController.swift in Sources */ = {isa = PBXBuildFile; fileRef = 11A1252C2B35E27E00B8FC1A /* ViewController.swift */; };
		11A125302B35E27E00B8FC1A /* Main.storyboard in Resources */ = {isa = PBXBuildFile; fileRef = 11A1252E2B35E27E00B8FC1A /* Main.storyboard */; };
		11A125332B35E27E00B8FC1A /* EngineTest.xcdatamodeld in Sources */ = {isa = PBXBuildFile; fileRef = 11A125312B35E27E00B8FC1A /* EngineTest.xcdatamodeld */; };
		11A125352B35E27E00B8FC1A /* Assets.xcassets in Resources */ = {isa = PBXBuildFile; fileRef = 11A125342B35E27E00B8FC1A /* Assets.xcassets */; };
		11A125382B35E27E00B8FC1A /* LaunchScreen.storyboard in Resources */ = {isa = PBXBuildFile; fileRef = 11A125362B35E27E00B8FC1A /* LaunchScreen.storyboard */; };
		11A125432B35E27F00B8FC1A /* EngineTestTests.swift in Sources */ = {isa = PBXBuildFile; fileRef = 11A125422B35E27F00B8FC1A /* EngineTestTests.swift */; };
		11A1254D2B35E27F00B8FC1A /* EngineTestUITests.swift in Sources */ = {isa = PBXBuildFile; fileRef = 11A1254C2B35E27F00B8FC1A /* EngineTestUITests.swift */; };
		11A1254F2B35E27F00B8FC1A /* EngineTestUITestsLaunchTests.swift in Sources */ = {isa = PBXBuildFile; fileRef = 11A1254E2B35E27F00B8FC1A /* EngineTestUITestsLaunchTests.swift */; };
/* End PBXBuildFile section */

/* Begin PBXContainerItemProxy section */
		11A1253F2B35E27F00B8FC1A /* PBXContainerItemProxy */ = {
			isa = PBXContainerItemProxy;
			containerPortal = 11A1251D2B35E27E00B8FC1A /* Project object */;
			proxyType = 1;
			remoteGlobalIDString = 11A125242B35E27E00B8FC1A;
			remoteInfo = EngineTest;
		};
		11A125492B35E27F00B8FC1A /* PBXContainerItemProxy */ = {
			isa = PBXContainerItemProxy;
			containerPortal = 11A1251D2B35E27E00B8FC1A /* Project object */;
			proxyType = 1;
			remoteGlobalIDString = 11A125242B35E27E00B8FC1A;
			remoteInfo = EngineTest;
		};
/* End PBXContainerItemProxy section */

/* Begin PBXFileReference section */
		11A125252B35E27E00B8FC1A /* EngineTest.app */ = {isa = PBXFileReference; explicitFileType = wrapper.application; includeInIndex = 0; path = EngineTest.app; sourceTree = BUILT_PRODUCTS_DIR; };
		11A125282B35E27E00B8FC1A /* AppDelegate.swift */ = {isa = PBXFileReference; lastKnownFileType = sourcecode.swift; path = AppDelegate.swift; sourceTree = "<group>"; };
		11A1252A2B35E27E00B8FC1A /* SceneDelegate.swift */ = {isa = PBXFileReference; lastKnownFileType = sourcecode.swift; path = SceneDelegate.swift; sourceTree = "<group>"; };
		11A1252C2B35E27E00B8FC1A /* ViewController.swift */ = {isa = PBXFileReference; lastKnownFileType = sourcecode.swift; path = ViewController.swift; sourceTree = "<group>"; };
		11A1252F2B35E27E00B8FC1A /* Base */ = {isa = PBXFileReference; lastKnownFileType = file.storyboard; name = Base; path = Base.lproj/Main.storyboard; sourceTree = "<group>"; };
		11A125322B35E27E00B8FC1A /* EngineTest.xcdatamodel */ = {isa = PBXFileReference; lastKnownFileType = wrapper.xcdatamodel; path = EngineTest.xcdatamodel; sourceTree = "<group>"; };
		11A125342B35E27E00B8FC1A /* Assets.xcassets */ = {isa = PBXFileReference; lastKnownFileType = folder.assetcatalog; path = Assets.xcassets; sourceTree = "<group>"; };
		11A125372B35E27E00B8FC1A /* Base */ = {isa = PBXFileReference; lastKnownFileType = file.storyboard; name = Base; path = Base.lproj/LaunchScreen.storyboard; sourceTree = "<group>"; };
		11A125392B35E27E00B8FC1A /* Info.plist */ = {isa = PBXFileReference; lastKnownFileType = text.plist.xml; path = Info.plist; sourceTree = "<group>"; };
		11A1253E2B35E27F00B8FC1A /* EngineTestTests.xctest */ = {isa = PBXFileReference; explicitFileType = wrapper.cfbundle; includeInIndex = 0; path = EngineTestTests.xctest; sourceTree = BUILT_PRODUCTS_DIR; };
		11A125422B35E27F00B8FC1A /* EngineTestTests.swift */ = {isa = PBXFileReference; lastKnownFileType = sourcecode.swift; path = EngineTestTests.swift; sourceTree = "<group>"; };
		11A125482B35E27F00B8FC1A /* EngineTestUITests.xctest */ = {isa = PBXFileReference; explicitFileType = wrapper.cfbundle; includeInIndex = 0; path = EngineTestUITests.xctest; sourceTree = BUILT_PRODUCTS_DIR; };
		11A1254C2B35E27F00B8FC1A /* EngineTestUITests.swift */ = {isa = PBXFileReference; lastKnownFileType = sourcecode.swift; path = EngineTestUITests.swift; sourceTree = "<group>"; };
		11A1254E2B35E27F00B8FC1A /* EngineTestUITestsLaunchTests.swift */ = {isa = PBXFileReference; lastKnownFileType = sourcecode.swift; path = EngineTestUITestsLaunchTests.swift; sourceTree = "<group>"; };
/* End PBXFileReference section */

/* Begin PBXFrameworksBuildPhase section */
		11A125222B35E27E00B8FC1A /* Frameworks */ = {
			isa = PBXFrameworksBuildPhase;
			buildActionMask = 2147483647;
			files = (
			);
			runOnlyForDeploymentPostprocessing = 0;
		};
		11A1253B2B35E27F00B8FC1A /* Frameworks */ = {
			isa = PBXFrameworksBuildPhase;
			buildActionMask = 2147483647;
			files = (
			);
			runOnlyForDeploymentPostprocessing = 0;
		};
		11A125452B35E27F00B8FC1A /* Frameworks */ = {
			isa = PBXFrameworksBuildPhase;
			buildActionMask = 2147483647;
			files = (
			);
			runOnlyForDeploymentPostprocessing = 0;
		};
/* End PBXFrameworksBuildPhase section */

/* Begin PBXGroup section */
		11A1251C2B35E27E00B8FC1A = {
			isa = PBXGroup;
			children = (
				11A125272B35E27E00B8FC1A /* EngineTest */,
				11A125412B35E27F00B8FC1A /* EngineTestTests */,
				11A1254B2B35E27F00B8FC1A /* EngineTestUITests */,
				11A125262B35E27E00B8FC1A /* Products */,
			);
			sourceTree = "<group>";
		};
		11A125262B35E27E00B8FC1A /* Products */ = {
			isa = PBXGroup;
			children = (
				11A125252B35E27E00B8FC1A /* EngineTest.app */,
				11A1253E2B35E27F00B8FC1A /* EngineTestTests.xctest */,
				11A125482B35E27F00B8FC1A /* EngineTestUITests.xctest */,
			);
			name = Products;
			sourceTree = "<group>";
		};
		11A125272B35E27E00B8FC1A /* EngineTest */ = {
			isa = PBXGroup;
			children = (
				11A125282B35E27E00B8FC1A /* AppDelegate.swift */,
				11A1252A2B35E27E00B8FC1A /* SceneDelegate.swift */,
				11A1252C2B35E27E00B8FC1A /* ViewController.swift */,
				11A1252E2B35E27E00B8FC1A /* Main.storyboard */,
				11A125342B35E27E00B8FC1A /* Assets.xcassets */,
				11A125362B35E27E00B8FC1A /* LaunchScreen.storyboard */,
				11A125392B35E27E00B8FC1A /* Info.plist */,
				11A125312B35E27E00B8FC1A /* EngineTest.xcdatamodeld */,
			);
			path = EngineTest;
			sourceTree = "<group>";
		};
		11A125412B35E27F00B8FC1A /* EngineTestTests */ = {
			isa = PBXGroup;
			children = (
				11A125422B35E27F00B8FC1A /* EngineTestTests.swift */,
			);
			path = EngineTestTests;
			sourceTree = "<group>";
		};
		11A1254B2B35E27F00B8FC1A /* EngineTestUITests */ = {
			isa = PBXGroup;
			children = (
				11A1254C2B35E27F00B8FC1A /* EngineTestUITests.swift */,
				11A1254E2B35E27F00B8FC1A /* EngineTestUITestsLaunchTests.swift */,
			);
			path = EngineTestUITests;
			sourceTree = "<group>";
		};
/* End PBXGroup section */

/* Begin PBXNativeTarget section */
		11A125242B35E27E00B8FC1A /* EngineTest */ = {
			isa = PBXNativeTarget;
			buildConfigurationList = 11A125522B35E27F00B8FC1A /* Build configuration list for PBXNativeTarget "EngineTest" */;
			buildPhases = (
				11A125212B35E27E00B8FC1A /* Sources */,
				11A125222B35E27E00B8FC1A /* Frameworks */,
				11A125232B35E27E00B8FC1A /* Resources */,
			);
			buildRules = (
			);
			dependencies = (
			);
			name = EngineTest;
			productName = EngineTest;
			productReference = 11A125252B35E27E00B8FC1A /* EngineTest.app */;
			productType = "com.apple.product-type.application";
		};
		11A1253D2B35E27F00B8FC1A /* EngineTestTests */ = {
			isa = PBXNativeTarget;
			buildConfigurationList = 11A125552B35E27F00B8FC1A /* Build configuration list for PBXNativeTarget "EngineTestTests" */;
			buildPhases = (
				11A1253A2B35E27F00B8FC1A /* Sources */,
				11A1253B2B35E27F00B8FC1A /* Frameworks */,
				11A1253C2B35E27F00B8FC1A /* Resources */,
			);
			buildRules = (
			);
			dependencies = (
				11A125402B35E27F00B8FC1A /* PBXTargetDependency */,
			);
			name = EngineTestTests;
			productName = EngineTestTests;
			productReference = 11A1253E2B35E27F00B8FC1A /* EngineTestTests.xctest */;
			productType = "com.apple.product-type.bundle.unit-test";
		};
		11A125472B35E27F00B8FC1A /* EngineTestUITests */ = {
			isa = PBXNativeTarget;
			buildConfigurationList = 11A125582B35E27F00B8FC1A /* Build configuration list for PBXNativeTarget "EngineTestUITests" */;
			buildPhases = (
				11A125442B35E27F00B8FC1A /* Sources */,
				11A125452B35E27F00B8FC1A /* Frameworks */,
				11A125462B35E27F00B8FC1A /* Resources */,
			);
			buildRules = (
			);
			dependencies = (
				11A1254A2B35E27F00B8FC1A /* PBXTargetDependency */,
			);
			name = EngineTestUITests;
			productName = EngineTestUITests;
			productReference = 11A125482B35E27F00B8FC1A /* EngineTestUITests.xctest */;
			productType = "com.apple.product-type.bundle.ui-testing";
		};
/* End PBXNativeTarget section */

/* Begin PBXProject section */
		11A1251D2B35E27E00B8FC1A /* Project object */ = {
			isa = PBXProject;
			attributes = {
				BuildIndependentTargetsInParallel = 1;
				LastSwiftUpdateCheck = 1510;
				LastUpgradeCheck = 1510;
				TargetAttributes = {
					11A125242B35E27E00B8FC1A = {
						CreatedOnToolsVersion = 15.1;
					};
					11A1253D2B35E27F00B8FC1A = {
						CreatedOnToolsVersion = 15.1;
						TestTargetID = 11A125242B35E27E00B8FC1A;
					};
					11A125472B35E27F00B8FC1A = {
						CreatedOnToolsVersion = 15.1;
						TestTargetID = 11A125242B35E27E00B8FC1A;
					};
				};
			};
			buildConfigurationList = 11A125202B35E27E00B8FC1A /* Build configuration list for PBXProject "EngineTest" */;
			compatibilityVersion = "Xcode 14.0";
			developmentRegion = en;
			hasScannedForEncodings = 0;
			knownRegions = (
				en,
				Base,
			);
			mainGroup = 11A1251C2B35E27E00B8FC1A;
			productRefGroup = 11A125262B35E27E00B8FC1A /* Products */;
			projectDirPath = "";
			projectRoot = "";
			targets = (
				11A125242B35E27E00B8FC1A /* EngineTest */,
				11A1253D2B35E27F00B8FC1A /* EngineTestTests */,
				11A125472B35E27F00B8FC1A /* EngineTestUITests */,
			);
		};
/* End PBXProject section */

/* Begin PBXResourcesBuildPhase section */
		11A125232B35E27E00B8FC1A /* Resources */ = {
			isa = PBXResourcesBuildPhase;
			buildActionMask = 2147483647;
			files = (
				11A125382B35E27E00B8FC1A /* LaunchScreen.storyboard in Resources */,
				11A125352B35E27E00B8FC1A /* Assets.xcassets in Resources */,
				11A125302B35E27E00B8FC1A /* Main.storyboard in Resources */,
			);
			runOnlyForDeploymentPostprocessing = 0;
		};
		11A1253C2B35E27F00B8FC1A /* Resources */ = {
			isa = PBXResourcesBuildPhase;
			buildActionMask = 2147483647;
			files = (
			);
			runOnlyForDeploymentPostprocessing = 0;
		};
		11A125462B35E27F00B8FC1A /* Resources */ = {
			isa = PBXResourcesBuildPhase;
			buildActionMask = 2147483647;
			files = (
			);
			runOnlyForDeploymentPostprocessing = 0;
		};
/* End PBXResourcesBuildPhase section */

/* Begin PBXSourcesBuildPhase section */
		11A125212B35E27E00B8FC1A /* Sources */ = {
			isa = PBXSourcesBuildPhase;
			buildActionMask = 2147483647;
			files = (
				11A1252D2B35E27E00B8FC1A /* ViewController.swift in Sources */,
				11A125332B35E27E00B8FC1A /* EngineTest.xcdatamodeld in Sources */,
				11A125292B35E27E00B8FC1A /* AppDelegate.swift in Sources */,
				11A1252B2B35E27E00B8FC1A /* SceneDelegate.swift in Sources */,
			);
			runOnlyForDeploymentPostprocessing = 0;
		};
		11A1253A2B35E27F00B8FC1A /* Sources */ = {
			isa = PBXSourcesBuildPhase;
			buildActionMask = 2147483647;
			files = (
				11A125432B35E27F00B8FC1A /* EngineTestTests.swift in Sources */,
			);
			runOnlyForDeploymentPostprocessing = 0;
		};
		11A125442B35E27F00B8FC1A /* Sources */ = {
			isa = PBXSourcesBuildPhase;
			buildActionMask = 2147483647;
			files = (
				11A1254F2B35E27F00B8FC1A /* EngineTestUITestsLaunchTests.swift in Sources */,
				11A1254D2B35E27F00B8FC1A /* EngineTestUITests.swift in Sources */,
			);
			runOnlyForDeploymentPostprocessing = 0;
		};
/* End PBXSourcesBuildPhase section */

/* Begin PBXTargetDependency section */
		11A125402B35E27F00B8FC1A /* PBXTargetDependency */ = {
			isa = PBXTargetDependency;
			target = 11A125242B35E27E00B8FC1A /* EngineTest */;
			targetProxy = 11A1253F2B35E27F00B8FC1A /* PBXContainerItemProxy */;
		};
		11A1254A2B35E27F00B8FC1A /* PBXTargetDependency */ = {
			isa = PBXTargetDependency;
			target = 11A125242B35E27E00B8FC1A /* EngineTest */;
			targetProxy = 11A125492B35E27F00B8FC1A /* PBXContainerItemProxy */;
		};
/* End PBXTargetDependency section */

/* Begin PBXVariantGroup section */
		11A1252E2B35E27E00B8FC1A /* Main.storyboard */ = {
			isa = PBXVariantGroup;
			children = (
				11A1252F2B35E27E00B8FC1A /* Base */,
			);
			name = Main.storyboard;
			sourceTree = "<group>";
		};
		11A125362B35E27E00B8FC1A /* LaunchScreen.storyboard */ = {
			isa = PBXVariantGroup;
			children = (
				11A125372B35E27E00B8FC1A /* Base */,
			);
			name = LaunchScreen.storyboard;
			sourceTree = "<group>";
		};
/* End PBXVariantGroup section */

/* Begin XCBuildConfiguration section */
		11A125502B35E27F00B8FC1A /* Debug */ = {
			isa = XCBuildConfiguration;
			buildSettings = {
				ALWAYS_SEARCH_USER_PATHS = NO;
				ASSETCATALOG_COMPILER_GENERATE_SWIFT_ASSET_SYMBOL_EXTENSIONS = YES;
				CLANG_ANALYZER_NONNULL = YES;
				CLANG_ANALYZER_NUMBER_OBJECT_CONVERSION = YES_AGGRESSIVE;
				CLANG_CXX_LANGUAGE_STANDARD = "gnu++20";
				CLANG_ENABLE_MODULES = YES;
				CLANG_ENABLE_OBJC_ARC = YES;
				CLANG_ENABLE_OBJC_WEAK = YES;
				CLANG_WARN_BLOCK_CAPTURE_AUTORELEASING = YES;
				CLANG_WARN_BOOL_CONVERSION = YES;
				CLANG_WARN_COMMA = YES;
				CLANG_WARN_CONSTANT_CONVERSION = YES;
				CLANG_WARN_DEPRECATED_OBJC_IMPLEMENTATIONS = YES;
				CLANG_WARN_DIRECT_OBJC_ISA_USAGE = YES_ERROR;
				CLANG_WARN_DOCUMENTATION_COMMENTS = YES;
				CLANG_WARN_EMPTY_BODY = YES;
				CLANG_WARN_ENUM_CONVERSION = YES;
				CLANG_WARN_INFINITE_RECURSION = YES;
				CLANG_WARN_INT_CONVERSION = YES;
				CLANG_WARN_NON_LITERAL_NULL_CONVERSION = YES;
				CLANG_WARN_OBJC_IMPLICIT_RETAIN_SELF = YES;
				CLANG_WARN_OBJC_LITERAL_CONVERSION = YES;
				CLANG_WARN_OBJC_ROOT_CLASS = YES_ERROR;
				CLANG_WARN_QUOTED_INCLUDE_IN_FRAMEWORK_HEADER = YES;
				CLANG_WARN_RANGE_LOOP_ANALYSIS = YES;
				CLANG_WARN_STRICT_PROTOTYPES = YES;
				CLANG_WARN_SUSPICIOUS_MOVE = YES;
				CLANG_WARN_UNGUARDED_AVAILABILITY = YES_AGGRESSIVE;
				CLANG_WARN_UNREACHABLE_CODE = YES;
				CLANG_WARN__DUPLICATE_METHOD_MATCH = YES;
				COPY_PHASE_STRIP = NO;
				DEBUG_INFORMATION_FORMAT = dwarf;
				ENABLE_STRICT_OBJC_MSGSEND = YES;
				ENABLE_TESTABILITY = YES;
				ENABLE_USER_SCRIPT_SANDBOXING = YES;
				GCC_C_LANGUAGE_STANDARD = gnu17;
				GCC_DYNAMIC_NO_PIC = NO;
				GCC_NO_COMMON_BLOCKS = YES;
				GCC_OPTIMIZATION_LEVEL = 0;
				GCC_PREPROCESSOR_DEFINITIONS = (
					"DEBUG=1",
					"$(inherited)",
				);
				GCC_WARN_64_TO_32_BIT_CONVERSION = YES;
				GCC_WARN_ABOUT_RETURN_TYPE = YES_ERROR;
				GCC_WARN_UNDECLARED_SELECTOR = YES;
				GCC_WARN_UNINITIALIZED_AUTOS = YES_AGGRESSIVE;
				GCC_WARN_UNUSED_FUNCTION = YES;
				GCC_WARN_UNUSED_VARIABLE = YES;
				IPHONEOS_DEPLOYMENT_TARGET = 17.2;
				LOCALIZATION_PREFERS_STRING_CATALOGS = YES;
				MTL_ENABLE_DEBUG_INFO = INCLUDE_SOURCE;
				MTL_FAST_MATH = YES;
				ONLY_ACTIVE_ARCH = YES;
				SDKROOT = iphoneos;
				SWIFT_ACTIVE_COMPILATION_CONDITIONS = "DEBUG $(inherited)";
				SWIFT_OPTIMIZATION_LEVEL = "-Onone";
			};
			name = Debug;
		};
		11A125512B35E27F00B8FC1A /* Release */ = {
			isa = XCBuildConfiguration;
			buildSettings = {
				ALWAYS_SEARCH_USER_PATHS = NO;
				ASSETCATALOG_COMPILER_GENERATE_SWIFT_ASSET_SYMBOL_EXTENSIONS = YES;
				CLANG_ANALYZER_NONNULL = YES;
				CLANG_ANALYZER_NUMBER_OBJECT_CONVERSION = YES_AGGRESSIVE;
				CLANG_CXX_LANGUAGE_STANDARD = "gnu++20";
				CLANG_ENABLE_MODULES = YES;
				CLANG_ENABLE_OBJC_ARC = YES;
				CLANG_ENABLE_OBJC_WEAK = YES;
				CLANG_WARN_BLOCK_CAPTURE_AUTORELEASING = YES;
				CLANG_WARN_BOOL_CONVERSION = YES;
				CLANG_WARN_COMMA = YES;
				CLANG_WARN_CONSTANT_CONVERSION = YES;
				CLANG_WARN_DEPRECATED_OBJC_IMPLEMENTATIONS = YES;
				CLANG_WARN_DIRECT_OBJC_ISA_USAGE = YES_ERROR;
				CLANG_WARN_DOCUMENTATION_COMMENTS = YES;
				CLANG_WARN_EMPTY_BODY = YES;
				CLANG_WARN_ENUM_CONVERSION = YES;
				CLANG_WARN_INFINITE_RECURSION = YES;
				CLANG_WARN_INT_CONVERSION = YES;
				CLANG_WARN_NON_LITERAL_NULL_CONVERSION = YES;
				CLANG_WARN_OBJC_IMPLICIT_RETAIN_SELF = YES;
				CLANG_WARN_OBJC_LITERAL_CONVERSION = YES;
				CLANG_WARN_OBJC_ROOT_CLASS = YES_ERROR;
				CLANG_WARN_QUOTED_INCLUDE_IN_FRAMEWORK_HEADER = YES;
				CLANG_WARN_RANGE_LOOP_ANALYSIS = YES;
				CLANG_WARN_STRICT_PROTOTYPES = YES;
				CLANG_WARN_SUSPICIOUS_MOVE = YES;
				CLANG_WARN_UNGUARDED_AVAILABILITY = YES_AGGRESSIVE;
				CLANG_WARN_UNREACHABLE_CODE = YES;
				CLANG_WARN__DUPLICATE_METHOD_MATCH = YES;
				COPY_PHASE_STRIP = NO;
				DEBUG_INFORMATION_FORMAT = "dwarf-with-dsym";
				ENABLE_NS_ASSERTIONS = NO;
				ENABLE_STRICT_OBJC_MSGSEND = YES;
				ENABLE_USER_SCRIPT_SANDBOXING = YES;
				GCC_C_LANGUAGE_STANDARD = gnu17;
				GCC_NO_COMMON_BLOCKS = YES;
				GCC_WARN_64_TO_32_BIT_CONVERSION = YES;
				GCC_WARN_ABOUT_RETURN_TYPE = YES_ERROR;
				GCC_WARN_UNDECLARED_SELECTOR = YES;
				GCC_WARN_UNINITIALIZED_AUTOS = YES_AGGRESSIVE;
				GCC_WARN_UNUSED_FUNCTION = YES;
				GCC_WARN_UNUSED_VARIABLE = YES;
				IPHONEOS_DEPLOYMENT_TARGET = 17.2;
				LOCALIZATION_PREFERS_STRING_CATALOGS = YES;
				MTL_ENABLE_DEBUG_INFO = NO;
				MTL_FAST_MATH = YES;
				SDKROOT = iphoneos;
				SWIFT_COMPILATION_MODE = wholemodule;
				VALIDATE_PRODUCT = YES;
			};
			name = Release;
		};
		11A125532B35E27F00B8FC1A /* Debug */ = {
			isa = XCBuildConfiguration;
			buildSettings = {
				ASSETCATALOG_COMPILER_APPICON_NAME = AppIcon;
				ASSETCATALOG_COMPILER_GLOBAL_ACCENT_COLOR_NAME = AccentColor;
				CODE_SIGN_STYLE = Automatic;
				CURRENT_PROJECT_VERSION = 1;
				DEVELOPMENT_TEAM = 5F9X64LUM2;
				GENERATE_INFOPLIST_FILE = YES;
				INFOPLIST_FILE = EngineTest/Info.plist;
				INFOPLIST_KEY_UIApplicationSupportsIndirectInputEvents = YES;
				INFOPLIST_KEY_UILaunchStoryboardName = LaunchScreen;
				INFOPLIST_KEY_UIMainStoryboardFile = Main;
				INFOPLIST_KEY_UISupportedInterfaceOrientations_iPad = "UIInterfaceOrientationPortrait UIInterfaceOrientationPortraitUpsideDown UIInterfaceOrientationLandscapeLeft UIInterfaceOrientationLandscapeRight";
				INFOPLIST_KEY_UISupportedInterfaceOrientations_iPhone = "UIInterfaceOrientationPortrait UIInterfaceOrientationLandscapeLeft UIInterfaceOrientationLandscapeRight";
				LD_RUNPATH_SEARCH_PATHS = (
					"$(inherited)",
					"@executable_path/Frameworks",
				);
				MARKETING_VERSION = 1.0;
				PRODUCT_BUNDLE_IDENTIFIER = ycb.EngineTest;
				PRODUCT_NAME = "$(TARGET_NAME)";
				SWIFT_EMIT_LOC_STRINGS = YES;
				SWIFT_VERSION = 5.0;
				TARGETED_DEVICE_FAMILY = "1,2";
			};
			name = Debug;
		};
		11A125542B35E27F00B8FC1A /* Release */ = {
			isa = XCBuildConfiguration;
			buildSettings = {
				ASSETCATALOG_COMPILER_APPICON_NAME = AppIcon;
				ASSETCATALOG_COMPILER_GLOBAL_ACCENT_COLOR_NAME = AccentColor;
				CODE_SIGN_STYLE = Automatic;
				CURRENT_PROJECT_VERSION = 1;
				DEVELOPMENT_TEAM = 5F9X64LUM2;
				GENERATE_INFOPLIST_FILE = YES;
				INFOPLIST_FILE = EngineTest/Info.plist;
				INFOPLIST_KEY_UIApplicationSupportsIndirectInputEvents = YES;
				INFOPLIST_KEY_UILaunchStoryboardName = LaunchScreen;
				INFOPLIST_KEY_UIMainStoryboardFile = Main;
				INFOPLIST_KEY_UISupportedInterfaceOrientations_iPad = "UIInterfaceOrientationPortrait UIInterfaceOrientationPortraitUpsideDown UIInterfaceOrientationLandscapeLeft UIInterfaceOrientationLandscapeRight";
				INFOPLIST_KEY_UISupportedInterfaceOrientations_iPhone = "UIInterfaceOrientationPortrait UIInterfaceOrientationLandscapeLeft UIInterfaceOrientationLandscapeRight";
				LD_RUNPATH_SEARCH_PATHS = (
					"$(inherited)",
					"@executable_path/Frameworks",
				);
				MARKETING_VERSION = 1.0;
				PRODUCT_BUNDLE_IDENTIFIER = ycb.EngineTest;
				PRODUCT_NAME = "$(TARGET_NAME)";
				SWIFT_EMIT_LOC_STRINGS = YES;
				SWIFT_VERSION = 5.0;
				TARGETED_DEVICE_FAMILY = "1,2";
			};
			name = Release;
		};
		11A125562B35E27F00B8FC1A /* Debug */ = {
			isa = XCBuildConfiguration;
			buildSettings = {
				ALWAYS_EMBED_SWIFT_STANDARD_LIBRARIES = YES;
				BUNDLE_LOADER = "$(TEST_HOST)";
				CODE_SIGN_STYLE = Automatic;
				CURRENT_PROJECT_VERSION = 1;
				DEVELOPMENT_TEAM = 5F9X64LUM2;
				GENERATE_INFOPLIST_FILE = YES;
				IPHONEOS_DEPLOYMENT_TARGET = 17.2;
				MARKETING_VERSION = 1.0;
				PRODUCT_BUNDLE_IDENTIFIER = ycb.EngineTestTests;
				PRODUCT_NAME = "$(TARGET_NAME)";
				SWIFT_EMIT_LOC_STRINGS = NO;
				SWIFT_VERSION = 5.0;
				TARGETED_DEVICE_FAMILY = "1,2";
				TEST_HOST = "$(BUILT_PRODUCTS_DIR)/EngineTest.app/$(BUNDLE_EXECUTABLE_FOLDER_PATH)/EngineTest";
			};
			name = Debug;
		};
		11A125572B35E27F00B8FC1A /* Release */ = {
			isa = XCBuildConfiguration;
			buildSettings = {
				ALWAYS_EMBED_SWIFT_STANDARD_LIBRARIES = YES;
				BUNDLE_LOADER = "$(TEST_HOST)";
				CODE_SIGN_STYLE = Automatic;
				CURRENT_PROJECT_VERSION = 1;
				DEVELOPMENT_TEAM = 5F9X64LUM2;
				GENERATE_INFOPLIST_FILE = YES;
				IPHONEOS_DEPLOYMENT_TARGET = 17.2;
				MARKETING_VERSION = 1.0;
				PRODUCT_BUNDLE_IDENTIFIER = ycb.EngineTestTests;
				PRODUCT_NAME = "$(TARGET_NAME)";
				SWIFT_EMIT_LOC_STRINGS = NO;
				SWIFT_VERSION = 5.0;
				TARGETED_DEVICE_FAMILY = "1,2";
				TEST_HOST = "$(BUILT_PRODUCTS_DIR)/EngineTest.app/$(BUNDLE_EXECUTABLE_FOLDER_PATH)/EngineTest";
			};
			name = Release;
		};
		11A125592B35E27F00B8FC1A /* Debug */ = {
			isa = XCBuildConfiguration;
			buildSettings = {
				ALWAYS_EMBED_SWIFT_STANDARD_LIBRARIES = YES;
				CODE_SIGN_STYLE = Automatic;
				CURRENT_PROJECT_VERSION = 1;
				DEVELOPMENT_TEAM = 5F9X64LUM2;
				GENERATE_INFOPLIST_FILE = YES;
				MARKETING_VERSION = 1.0;
				PRODUCT_BUNDLE_IDENTIFIER = ycb.EngineTestUITests;
				PRODUCT_NAME = "$(TARGET_NAME)";
				SWIFT_EMIT_LOC_STRINGS = NO;
				SWIFT_VERSION = 5.0;
				TARGETED_DEVICE_FAMILY = "1,2";
				TEST_TARGET_NAME = EngineTest;
			};
			name = Debug;
		};
		11A1255A2B35E27F00B8FC1A /* Release */ = {
			isa = XCBuildConfiguration;
			buildSettings = {
				ALWAYS_EMBED_SWIFT_STANDARD_LIBRARIES = YES;
				CODE_SIGN_STYLE = Automatic;
				CURRENT_PROJECT_VERSION = 1;
				DEVELOPMENT_TEAM = 5F9X64LUM2;
				GENERATE_INFOPLIST_FILE = YES;
				MARKETING_VERSION = 1.0;
				PRODUCT_BUNDLE_IDENTIFIER = ycb.EngineTestUITests;
				PRODUCT_NAME = "$(TARGET_NAME)";
				SWIFT_EMIT_LOC_STRINGS = NO;
				SWIFT_VERSION = 5.0;
				TARGETED_DEVICE_FAMILY = "1,2";
				TEST_TARGET_NAME = EngineTest;
			};
			name = Release;
		};
/* End XCBuildConfiguration section */

/* Begin XCConfigurationList section */
		11A125202B35E27E00B8FC1A /* Build configuration list for PBXProject "EngineTest" */ = {
			isa = XCConfigurationList;
			buildConfigurations = (
				11A125502B35E27F00B8FC1A /* Debug */,
				11A125512B35E27F00B8FC1A /* Release */,
			);
			defaultConfigurationIsVisible = 0;
			defaultConfigurationName = Release;
		};
		11A125522B35E27F00B8FC1A /* Build configuration list for PBXNativeTarget "EngineTest" */ = {
			isa = XCConfigurationList;
			buildConfigurations = (
				11A125532B35E27F00B8FC1A /* Debug */,
				11A125542B35E27F00B8FC1A /* Release */,
			);
			defaultConfigurationIsVisible = 0;
			defaultConfigurationName = Release;
		};
		11A125552B35E27F00B8FC1A /* Build configuration list for PBXNativeTarget "EngineTestTests" */ = {
			isa = XCConfigurationList;
			buildConfigurations = (
				11A125562B35E27F00B8FC1A /* Debug */,
				11A125572B35E27F00B8FC1A /* Release */,
			);
			defaultConfigurationIsVisible = 0;
			defaultConfigurationName = Release;
		};
		11A125582B35E27F00B8FC1A /* Build configuration list for PBXNativeTarget "EngineTestUITests" */ = {
			isa = XCConfigurationList;
			buildConfigurations = (
				11A125592B35E27F00B8FC1A /* Debug */,
				11A1255A2B35E27F00B8FC1A /* Release */,
			);
			defaultConfigurationIsVisible = 0;
			defaultConfigurationName = Release;
		};
/* End XCConfigurationList section */

/* Begin XCVersionGroup section */
		11A125312B35E27E00B8FC1A /* EngineTest.xcdatamodeld */ = {
			isa = XCVersionGroup;
			children = (
				11A125322B35E27E00B8FC1A /* EngineTest.xcdatamodel */,
			);
			currentVersion = 11A125322B35E27E00B8FC1A /* EngineTest.xcdatamodel */;
			path = EngineTest.xcdatamodeld;
			sourceTree = "<group>";
			versionGroupType = wrapper.xcdatamodel;
		};
/* End XCVersionGroup section */
	};
	rootObject = 11A1251D2B35E27E00B8FC1A /* Project object */;
}
